
Microsoft Visual Studio Solution File, Format Version 12.00
# Visual Studio Version 17
VisualStudioVersion = 17.7.34024.191
MinimumVisualStudioVersion = 10.0.40219.1
Project("{2150E333-8FDC-42A3-9474-1A3956D46DE8}") = "Cores", "Cores", "{55A12A4D-B90E-4485-9286-1D2C3AF69C3B}"
EndProject
Project("{9A19103F-16F7-4668-BE54-9A1E7A4F7556}") = "BusinessObject", "BusinessObject\BusinessObject.csproj", "{665D4DB5-10EA-4C21-917F-23FC5BA887A4}"
EndProject
Project("{9A19103F-16F7-4668-BE54-9A1E7A4F7556}") = "Common", "Common\Common.csproj", "{BFDB3BE5-B6D9-446D-A5C4-D187391A3405}"
EndProject
Project("{2150E333-8FDC-42A3-9474-1A3956D46DE8}") = "Gateways", "Gateways", "{CCFF3C68-C81A-4AFE-A994-96E15A0AD829}"
EndProject
Project("{2150E333-8FDC-42A3-9474-1A3956D46DE8}") = "Services", "Services", "{97F9F168-E5FD-4CBB-9566-73EEBE7B6631}"
EndProject
Project("{9A19103F-16F7-4668-BE54-9A1E7A4F7556}") = "APIGateway", "APIGateway\APIGateway.csproj", "{A7BB61D3-8AA3-4468-97B3-3BE2AE558BA7}"
EndProject
Project("{9A19103F-16F7-4668-BE54-9A1E7A4F7556}") = "ServiceProduct", "ServiceProduct\ServiceProduct.csproj", "{58B6DF61-EAFF-4E91-92B3-9EA21374B265}"
EndProject
Project("{9A19103F-16F7-4668-BE54-9A1E7A4F7556}") = "ServiceAuthentication", "ServiceAuthentication\ServiceAuthentication.csproj", "{40BB7DE3-31DE-4B02-BE59-9743BCB88860}"
EndProject
Project("{9A19103F-16F7-4668-BE54-9A1E7A4F7556}") = "CartService", "CartService\CartService.csproj", "{B8F1D41E-A025-4FB5-8213-1999AF786DB4}"
EndProject
Project("{9A19103F-16F7-4668-BE54-9A1E7A4F7556}") = "OrderService", "OrderService\OrderService.csproj", "{B5BF26E4-F613-4D24-A86A-5A85243AA164}"
EndProject
Project("{2150E333-8FDC-42A3-9474-1A3956D46DE8}") = "Client", "Client", "{3404009E-DFEC-47F2-A9AB-89A95FF7C14F}"
EndProject
Project("{9A19103F-16F7-4668-BE54-9A1E7A4F7556}") = "Client", "Client\Client.csproj", "{D320E6A3-626A-43F3-AB55-F5D7A25A5B48}"
EndProject
Project("{FAE04EC0-301F-11D3-BF4B-00C04F79EFBC}") = "Admin", "Admin\Admin.csproj", "{3EDE8E7F-1780-4F64-B807-F89F21DCF2A8}"
EndProject
Global
	GlobalSection(SolutionConfigurationPlatforms) = preSolution
		Debug|Any CPU = Debug|Any CPU
		Release|Any CPU = Release|Any CPU
	EndGlobalSection
	GlobalSection(ProjectConfigurationPlatforms) = postSolution
		{665D4DB5-10EA-4C21-917F-23FC5BA887A4}.Debug|Any CPU.ActiveCfg = Debug|Any CPU
		{665D4DB5-10EA-4C21-917F-23FC5BA887A4}.Debug|Any CPU.Build.0 = Debug|Any CPU
		{665D4DB5-10EA-4C21-917F-23FC5BA887A4}.Release|Any CPU.ActiveCfg = Release|Any CPU
		{665D4DB5-10EA-4C21-917F-23FC5BA887A4}.Release|Any CPU.Build.0 = Release|Any CPU
		{BFDB3BE5-B6D9-446D-A5C4-D187391A3405}.Debug|Any CPU.ActiveCfg = Debug|Any CPU
		{BFDB3BE5-B6D9-446D-A5C4-D187391A3405}.Debug|Any CPU.Build.0 = Debug|Any CPU
		{BFDB3BE5-B6D9-446D-A5C4-D187391A3405}.Release|Any CPU.ActiveCfg = Release|Any CPU
		{BFDB3BE5-B6D9-446D-A5C4-D187391A3405}.Release|Any CPU.Build.0 = Release|Any CPU
		{A7BB61D3-8AA3-4468-97B3-3BE2AE558BA7}.Debug|Any CPU.ActiveCfg = Debug|Any CPU
		{A7BB61D3-8AA3-4468-97B3-3BE2AE558BA7}.Debug|Any CPU.Build.0 = Debug|Any CPU
		{A7BB61D3-8AA3-4468-97B3-3BE2AE558BA7}.Release|Any CPU.ActiveCfg = Release|Any CPU
		{A7BB61D3-8AA3-4468-97B3-3BE2AE558BA7}.Release|Any CPU.Build.0 = Release|Any CPU
		{58B6DF61-EAFF-4E91-92B3-9EA21374B265}.Debug|Any CPU.ActiveCfg = Debug|Any CPU
		{58B6DF61-EAFF-4E91-92B3-9EA21374B265}.Debug|Any CPU.Build.0 = Debug|Any CPU
		{58B6DF61-EAFF-4E91-92B3-9EA21374B265}.Release|Any CPU.ActiveCfg = Release|Any CPU
		{58B6DF61-EAFF-4E91-92B3-9EA21374B265}.Release|Any CPU.Build.0 = Release|Any CPU
		{40BB7DE3-31DE-4B02-BE59-9743BCB88860}.Debug|Any CPU.ActiveCfg = Debug|Any CPU
		{40BB7DE3-31DE-4B02-BE59-9743BCB88860}.Debug|Any CPU.Build.0 = Debug|Any CPU
		{40BB7DE3-31DE-4B02-BE59-9743BCB88860}.Release|Any CPU.ActiveCfg = Release|Any CPU
		{40BB7DE3-31DE-4B02-BE59-9743BCB88860}.Release|Any CPU.Build.0 = Release|Any CPU
		{B8F1D41E-A025-4FB5-8213-1999AF786DB4}.Debug|Any CPU.ActiveCfg = Debug|Any CPU
		{B8F1D41E-A025-4FB5-8213-1999AF786DB4}.Debug|Any CPU.Build.0 = Debug|Any CPU
		{B8F1D41E-A025-4FB5-8213-1999AF786DB4}.Release|Any CPU.ActiveCfg = Release|Any CPU
		{B8F1D41E-A025-4FB5-8213-1999AF786DB4}.Release|Any CPU.Build.0 = Release|Any CPU
		{B5BF26E4-F613-4D24-A86A-5A85243AA164}.Debug|Any CPU.ActiveCfg = Debug|Any CPU
		{B5BF26E4-F613-4D24-A86A-5A85243AA164}.Debug|Any CPU.Build.0 = Debug|Any CPU
		{B5BF26E4-F613-4D24-A86A-5A85243AA164}.Release|Any CPU.ActiveCfg = Release|Any CPU
		{B5BF26E4-F613-4D24-A86A-5A85243AA164}.Release|Any CPU.Build.0 = Release|Any CPU
		{D320E6A3-626A-43F3-AB55-F5D7A25A5B48}.Debug|Any CPU.ActiveCfg = Debug|Any CPU
		{D320E6A3-626A-43F3-AB55-F5D7A25A5B48}.Debug|Any CPU.Build.0 = Debug|Any CPU
		{D320E6A3-626A-43F3-AB55-F5D7A25A5B48}.Release|Any CPU.ActiveCfg = Release|Any CPU
		{D320E6A3-626A-43F3-AB55-F5D7A25A5B48}.Release|Any CPU.Build.0 = Release|Any CPU
		{3EDE8E7F-1780-4F64-B807-F89F21DCF2A8}.Debug|Any CPU.ActiveCfg = Debug|Any CPU
		{3EDE8E7F-1780-4F64-B807-F89F21DCF2A8}.Debug|Any CPU.Build.0 = Debug|Any CPU
		{3EDE8E7F-1780-4F64-B807-F89F21DCF2A8}.Release|Any CPU.ActiveCfg = Release|Any CPU
		{3EDE8E7F-1780-4F64-B807-F89F21DCF2A8}.Release|Any CPU.Build.0 = Release|Any CPU
	EndGlobalSection
	GlobalSection(SolutionProperties) = preSolution
		HideSolutionNode = FALSE
	EndGlobalSection
	GlobalSection(NestedProjects) = preSolution
		{665D4DB5-10EA-4C21-917F-23FC5BA887A4} = {55A12A4D-B90E-4485-9286-1D2C3AF69C3B}
		{BFDB3BE5-B6D9-446D-A5C4-D187391A3405} = {55A12A4D-B90E-4485-9286-1D2C3AF69C3B}
		{A7BB61D3-8AA3-4468-97B3-3BE2AE558BA7} = {CCFF3C68-C81A-4AFE-A994-96E15A0AD829}
		{58B6DF61-EAFF-4E91-92B3-9EA21374B265} = {97F9F168-E5FD-4CBB-9566-73EEBE7B6631}
		{40BB7DE3-31DE-4B02-BE59-9743BCB88860} = {97F9F168-E5FD-4CBB-9566-73EEBE7B6631}
		{B8F1D41E-A025-4FB5-8213-1999AF786DB4} = {97F9F168-E5FD-4CBB-9566-73EEBE7B6631}
		{B5BF26E4-F613-4D24-A86A-5A85243AA164} = {97F9F168-E5FD-4CBB-9566-73EEBE7B6631}
		{D320E6A3-626A-43F3-AB55-F5D7A25A5B48} = {3404009E-DFEC-47F2-A9AB-89A95FF7C14F}
		{3EDE8E7F-1780-4F64-B807-F89F21DCF2A8} = {3404009E-DFEC-47F2-A9AB-89A95FF7C14F}
	EndGlobalSection
	GlobalSection(ExtensibilityGlobals) = postSolution
		SolutionGuid = {3AB116E1-916A-4819-A1C2-AD13299C86BF}
	EndGlobalSection
EndGlobal
